
Microsoft Visual Studio Solution File, Format Version 12.00
# Visual Studio Version 17
VisualStudioVersion = 17.5.002.0
MinimumVisualStudioVersion = 10.0.40219.1
Project("{9A19103F-16F7-4668-BE54-9A1E7A4F7556}") = "learningapp", "learningapp.csproj", "{F821103B-BF1F-435C-A242-603CBD8BD2AE}"
EndProject
Global
	GlobalSection(SolutionConfigurationPlatforms) = preSolution
		Debug|Any CPU = Debug|Any CPU
		Release|Any CPU = Release|Any CPU
	EndGlobalSection
	GlobalSection(ProjectConfigurationPlatforms) = postSolution
		{F821103B-BF1F-435C-A242-603CBD8BD2AE}.Debug|Any CPU.ActiveCfg = Debug|Any CPU
		{F821103B-BF1F-435C-A242-603CBD8BD2AE}.Debug|Any CPU.Build.0 = Debug|Any CPU
		{F821103B-BF1F-435C-A242-603CBD8BD2AE}.Release|Any CPU.ActiveCfg = Release|Any CPU
		{F821103B-BF1F-435C-A242-603CBD8BD2AE}.Release|Any CPU.Build.0 = Release|Any CPU
	EndGlobalSection
	GlobalSection(SolutionProperties) = preSolution
		HideSolutionNode = FALSE
	EndGlobalSection
	GlobalSection(ExtensibilityGlobals) = postSolution
		SolutionGuid = {06A20FA7-E22F-4645-ACE4-902EBA62DE5D}
	EndGlobalSection
EndGlobal
